
Microsoft Visual Studio Solution File, Format Version 12.00
# Visual Studio Version 17
VisualStudioVersion = 17.6.33829.357
MinimumVisualStudioVersion = 10.0.40219.1
Project("{9A19103F-16F7-4668-BE54-9A1E7A4F7556}") = "FFTCG_collection", "FFTCG_collection.csproj", "{8F224BBA-4356-4D1A-AC45-8B0B76A92A19}"
EndProject
Project("{FAE04EC0-301F-11D3-BF4B-00C04F79EFBC}") = "FFTCG_tests", "FFTCG_tests\FFTCG_tests.csproj", "{00B7241D-93AD-4B2E-B843-4A8A87E63531}"
EndProject
Global
	GlobalSection(SolutionConfigurationPlatforms) = preSolution
		Debug|Any CPU = Debug|Any CPU
		Release|Any CPU = Release|Any CPU
	EndGlobalSection
	GlobalSection(ProjectConfigurationPlatforms) = postSolution
		{8F224BBA-4356-4D1A-AC45-8B0B76A92A19}.Debug|Any CPU.ActiveCfg = Debug|Any CPU
		{8F224BBA-4356-4D1A-AC45-8B0B76A92A19}.Debug|Any CPU.Build.0 = Debug|Any CPU
		{8F224BBA-4356-4D1A-AC45-8B0B76A92A19}.Release|Any CPU.ActiveCfg = Release|Any CPU
		{8F224BBA-4356-4D1A-AC45-8B0B76A92A19}.Release|Any CPU.Build.0 = Release|Any CPU
		{00B7241D-93AD-4B2E-B843-4A8A87E63531}.Debug|Any CPU.ActiveCfg = Debug|Any CPU
		{00B7241D-93AD-4B2E-B843-4A8A87E63531}.Debug|Any CPU.Build.0 = Debug|Any CPU
		{00B7241D-93AD-4B2E-B843-4A8A87E63531}.Release|Any CPU.ActiveCfg = Release|Any CPU
		{00B7241D-93AD-4B2E-B843-4A8A87E63531}.Release|Any CPU.Build.0 = Release|Any CPU
	EndGlobalSection
	GlobalSection(SolutionProperties) = preSolution
		HideSolutionNode = FALSE
	EndGlobalSection
	GlobalSection(ExtensibilityGlobals) = postSolution
		SolutionGuid = {A0529179-B87F-405C-8EFF-4985703F773F}
	EndGlobalSection
EndGlobal
